
Microsoft Visual Studio Solution File, Format Version 12.00
# Visual Studio Version 17
VisualStudioVersion = 17.14.36121.58 d17.14
MinimumVisualStudioVersion = 10.0.40219.1
Project("{FAE04EC0-301F-11D3-BF4B-00C04F79EFBC}") = "LoginRegisterApi", "LoginRegisterApi\LoginRegisterApi.csproj", "{64ED2D11-C31F-40F2-BD95-5406E3BB050B}"
EndProject
Global
	GlobalSection(SolutionConfigurationPlatforms) = preSolution
		Debug|Any CPU = Debug|Any CPU
		Release|Any CPU = Release|Any CPU
	EndGlobalSection
	GlobalSection(ProjectConfigurationPlatforms) = postSolution
		{64ED2D11-C31F-40F2-BD95-5406E3BB050B}.Debug|Any CPU.ActiveCfg = Debug|Any CPU
		{64ED2D11-C31F-40F2-BD95-5406E3BB050B}.Debug|Any CPU.Build.0 = Debug|Any CPU
		{64ED2D11-C31F-40F2-BD95-5406E3BB050B}.Release|Any CPU.ActiveCfg = Release|Any CPU
		{64ED2D11-C31F-40F2-BD95-5406E3BB050B}.Release|Any CPU.Build.0 = Release|Any CPU
	EndGlobalSection
	GlobalSection(SolutionProperties) = preSolution
		HideSolutionNode = FALSE
	EndGlobalSection
	GlobalSection(ExtensibilityGlobals) = postSolution
		SolutionGuid = {A9B25A83-E35F-4F7D-8136-6ECCFC8F25B5}
	EndGlobalSection
EndGlobal
